{
  "object": {
    "pins": [
      {
        "package": "CLibpq",
        "repositoryURL": "https://github.com/IBM-Swift/CLibpq.git",
        "state": {
          "branch": null,
          "revision": "20421e0c7890a2a9b1515eb1321ebcd76ad7231f",
          "version": "0.1.2"
        }
      },
      {
        "package": "SwiftKuery",
        "repositoryURL": "https://github.com/IBM-Swift/Swift-Kuery.git",
        "state": {
          "branch": null,
          "revision": "909f75f4417609fe11934be1eabf0eb9244d08f4",
          "version": "0.13.3"
        }
      }
    ]
  },
  "version": 1
}
